// !$*UTF8*$!
{
	archiveVersion = 1;
	classes = {
	};
	objectVersion = 50;
	objects = {

/* Begin PBXBuildFile section */
		A608DC0B268B7638006900FA /* LoginVC.swift in Sources */ = {isa = PBXBuildFile; fileRef = A608DC0A268B7638006900FA /* LoginVC.swift */; };
		A608DC0D268B7C1D006900FA /* extension.swift in Sources */ = {isa = PBXBuildFile; fileRef = A608DC0C268B7C1D006900FA /* extension.swift */; };
		A608DC0F268B7FAA006900FA /* RecipeHandle.swift in Sources */ = {isa = PBXBuildFile; fileRef = A608DC0E268B7FAA006900FA /* RecipeHandle.swift */; };
		A608DC11268B8030006900FA /* WebViewController.swift in Sources */ = {isa = PBXBuildFile; fileRef = A608DC10268B8030006900FA /* WebViewController.swift */; };
		A608DC13268B80AF006900FA /* RecipeCell.swift in Sources */ = {isa = PBXBuildFile; fileRef = A608DC12268B80AF006900FA /* RecipeCell.swift */; };
		A651A3A926873C3B00E25FC5 /* AppDelegate.swift in Sources */ = {isa = PBXBuildFile; fileRef = A651A3A826873C3B00E25FC5 /* AppDelegate.swift */; };
		A651A3AB26873C3B00E25FC5 /* SceneDelegate.swift in Sources */ = {isa = PBXBuildFile; fileRef = A651A3AA26873C3B00E25FC5 /* SceneDelegate.swift */; };
		A651A3B026873C3B00E25FC5 /* Main.storyboard in Resources */ = {isa = PBXBuildFile; fileRef = A651A3AE26873C3B00E25FC5 /* Main.storyboard */; };
		A651A3B226873C3D00E25FC5 /* Assets.xcassets in Resources */ = {isa = PBXBuildFile; fileRef = A651A3B126873C3D00E25FC5 /* Assets.xcassets */; };
		A651A3B526873C3D00E25FC5 /* LaunchScreen.storyboard in Resources */ = {isa = PBXBuildFile; fileRef = A651A3B326873C3D00E25FC5 /* LaunchScreen.storyboard */; };
/* End PBXBuildFile section */

/* Begin PBXFileReference section */
		A608DC0A268B7638006900FA /* LoginVC.swift */ = {isa = PBXFileReference; lastKnownFileType = sourcecode.swift; path = LoginVC.swift; sourceTree = "<group>"; };
		A608DC0C268B7C1D006900FA /* extension.swift */ = {isa = PBXFileReference; lastKnownFileType = sourcecode.swift; path = extension.swift; sourceTree = "<group>"; };
		A608DC0E268B7FAA006900FA /* RecipeHandle.swift */ = {isa = PBXFileReference; lastKnownFileType = sourcecode.swift; path = RecipeHandle.swift; sourceTree = "<group>"; };
		A608DC10268B8030006900FA /* WebViewController.swift */ = {isa = PBXFileReference; lastKnownFileType = sourcecode.swift; path = WebViewController.swift; sourceTree = "<group>"; };
		A608DC12268B80AF006900FA /* RecipeCell.swift */ = {isa = PBXFileReference; lastKnownFileType = sourcecode.swift; path = RecipeCell.swift; sourceTree = "<group>"; };
		A651A3A526873C3B00E25FC5 /* Recipt App.app */ = {isa = PBXFileReference; explicitFileType = wrapper.application; includeInIndex = 0; path = "Recipt App.app"; sourceTree = BUILT_PRODUCTS_DIR; };
		A651A3A826873C3B00E25FC5 /* AppDelegate.swift */ = {isa = PBXFileReference; lastKnownFileType = sourcecode.swift; path = AppDelegate.swift; sourceTree = "<group>"; };
		A651A3AA26873C3B00E25FC5 /* SceneDelegate.swift */ = {isa = PBXFileReference; lastKnownFileType = sourcecode.swift; path = SceneDelegate.swift; sourceTree = "<group>"; };
		A651A3AF26873C3B00E25FC5 /* Base */ = {isa = PBXFileReference; lastKnownFileType = file.storyboard; name = Base; path = Base.lproj/Main.storyboard; sourceTree = "<group>"; };
		A651A3B126873C3D00E25FC5 /* Assets.xcassets */ = {isa = PBXFileReference; lastKnownFileType = folder.assetcatalog; path = Assets.xcassets; sourceTree = "<group>"; };
		A651A3B426873C3D00E25FC5 /* Base */ = {isa = PBXFileReference; lastKnownFileType = file.storyboard; name = Base; path = Base.lproj/LaunchScreen.storyboard; sourceTree = "<group>"; };
		A651A3B626873C3D00E25FC5 /* Info.plist */ = {isa = PBXFileReference; lastKnownFileType = text.plist.xml; path = Info.plist; sourceTree = "<group>"; };
/* End PBXFileReference section */

/* Begin PBXFrameworksBuildPhase section */
		A651A3A226873C3B00E25FC5 /* Frameworks */ = {
			isa = PBXFrameworksBuildPhase;
			buildActionMask = 2147483647;
			files = (
			);
			runOnlyForDeploymentPostprocessing = 0;
		};
/* End PBXFrameworksBuildPhase section */

/* Begin PBXGroup section */
		A651A39C26873C3B00E25FC5 = {
			isa = PBXGroup;
			children = (
				A651A3A726873C3B00E25FC5 /* Recipt App */,
				A651A3A626873C3B00E25FC5 /* Products */,
			);
			sourceTree = "<group>";
		};
		A651A3A626873C3B00E25FC5 /* Products */ = {
			isa = PBXGroup;
			children = (
				A651A3A526873C3B00E25FC5 /* Recipt App.app */,
			);
			name = Products;
			sourceTree = "<group>";
		};
		A651A3A726873C3B00E25FC5 /* Recipt App */ = {
			isa = PBXGroup;
			children = (
				A651A3A826873C3B00E25FC5 /* AppDelegate.swift */,
				A651A3AA26873C3B00E25FC5 /* SceneDelegate.swift */,
				A608DC0E268B7FAA006900FA /* RecipeHandle.swift */,
				A608DC0A268B7638006900FA /* LoginVC.swift */,
				A651A3AE26873C3B00E25FC5 /* Main.storyboard */,
				A651A3B126873C3D00E25FC5 /* Assets.xcassets */,
				A651A3B326873C3D00E25FC5 /* LaunchScreen.storyboard */,
				A651A3B626873C3D00E25FC5 /* Info.plist */,
				A608DC0C268B7C1D006900FA /* extension.swift */,
				A608DC10268B8030006900FA /* WebViewController.swift */,
				A608DC12268B80AF006900FA /* RecipeCell.swift */,
			);
			path = "Recipt App";
			sourceTree = "<group>";
		};
/* End PBXGroup section */

/* Begin PBXNativeTarget section */
		A651A3A426873C3B00E25FC5 /* Recipt App */ = {
			isa = PBXNativeTarget;
			buildConfigurationList = A651A3B926873C3D00E25FC5 /* Build configuration list for PBXNativeTarget "Recipt App" */;
			buildPhases = (
				A651A3A126873C3B00E25FC5 /* Sources */,
				A651A3A226873C3B00E25FC5 /* Frameworks */,
				A651A3A326873C3B00E25FC5 /* Resources */,
			);
			buildRules = (
			);
			dependencies = (
			);
			name = "Recipt App";
			productName = "Recipt App";
			productReference = A651A3A526873C3B00E25FC5 /* Recipt App.app */;
			productType = "com.apple.product-type.application";
		};
/* End PBXNativeTarget section */

/* Begin PBXProject section */
		A651A39D26873C3B00E25FC5 /* Project object */ = {
			isa = PBXProject;
			attributes = {
				LastSwiftUpdateCheck = 1250;
				LastUpgradeCheck = 1250;
				TargetAttributes = {
					A651A3A426873C3B00E25FC5 = {
						CreatedOnToolsVersion = 12.5;
					};
				};
			};
			buildConfigurationList = A651A3A026873C3B00E25FC5 /* Build configuration list for PBXProject "Recipt App" */;
			compatibilityVersion = "Xcode 9.3";
			developmentRegion = en;
			hasScannedForEncodings = 0;
			knownRegions = (
				en,
				Base,
			);
			mainGroup = A651A39C26873C3B00E25FC5;
			productRefGroup = A651A3A626873C3B00E25FC5 /* Products */;
			projectDirPath = "";
			projectRoot = "";
			targets = (
				A651A3A426873C3B00E25FC5 /* Recipt App */,
			);
		};
/* End PBXProject section */

/* Begin PBXResourcesBuildPhase section */
		A651A3A326873C3B00E25FC5 /* Resources */ = {
			isa = PBXResourcesBuildPhase;
			buildActionMask = 2147483647;
			files = (
				A651A3B526873C3D00E25FC5 /* LaunchScreen.storyboard in Resources */,
				A651A3B226873C3D00E25FC5 /* Assets.xcassets in Resources */,
				A651A3B026873C3B00E25FC5 /* Main.storyboard in Resources */,
			);
			runOnlyForDeploymentPostprocessing = 0;
		};
/* End PBXResourcesBuildPhase section */

/* Begin PBXSourcesBuildPhase section */
		A651A3A126873C3B00E25FC5 /* Sources */ = {
			isa = PBXSourcesBuildPhase;
			buildActionMask = 2147483647;
			files = (
				A608DC11268B8030006900FA /* WebViewController.swift in Sources */,
				A608DC0F268B7FAA006900FA /* RecipeHandle.swift in Sources */,
				A608DC0D268B7C1D006900FA /* extension.swift in Sources */,
				A608DC13268B80AF006900FA /* RecipeCell.swift in Sources */,
				A651A3A926873C3B00E25FC5 /* AppDelegate.swift in Sources */,
				A608DC0B268B7638006900FA /* LoginVC.swift in Sources */,
				A651A3AB26873C3B00E25FC5 /* SceneDelegate.swift in Sources */,
			);
			runOnlyForDeploymentPostprocessing = 0;
		};
/* End PBXSourcesBuildPhase section */

/* Begin PBXVariantGroup section */
		A651A3AE26873C3B00E25FC5 /* Main.storyboard */ = {
			isa = PBXVariantGroup;
			children = (
				A651A3AF26873C3B00E25FC5 /* Base */,
			);
			name = Main.storyboard;
			sourceTree = "<group>";
		};
		A651A3B326873C3D00E25FC5 /* LaunchScreen.storyboard */ = {
			isa = PBXVariantGroup;
			children = (
				A651A3B426873C3D00E25FC5 /* Base */,
			);
			name = LaunchScreen.storyboard;
			sourceTree = "<group>";
		};
/* End PBXVariantGroup section */

/* Begin XCBuildConfiguration section */
		A651A3B726873C3D00E25FC5 /* Debug */ = {
			isa = XCBuildConfiguration;
			buildSettings = {
				ALWAYS_SEARCH_USER_PATHS = NO;
				CLANG_ANALYZER_NONNULL = YES;
				CLANG_ANALYZER_NUMBER_OBJECT_CONVERSION = YES_AGGRESSIVE;
				CLANG_CXX_LANGUAGE_STANDARD = "gnu++14";
				CLANG_CXX_LIBRARY = "libc++";
				CLANG_ENABLE_MODULES = YES;
				CLANG_ENABLE_OBJC_ARC = YES;
				CLANG_ENABLE_OBJC_WEAK = YES;
				CLANG_WARN_BLOCK_CAPTURE_AUTORELEASING = YES;
				CLANG_WARN_BOOL_CONVERSION = YES;
				CLANG_WARN_COMMA = YES;
				CLANG_WARN_CONSTANT_CONVERSION = YES;
				CLANG_WARN_DEPRECATED_OBJC_IMPLEMENTATIONS = YES;
				CLANG_WARN_DIRECT_OBJC_ISA_USAGE = YES_ERROR;
				CLANG_WARN_DOCUMENTATION_COMMENTS = YES;
				CLANG_WARN_EMPTY_BODY = YES;
				CLANG_WARN_ENUM_CONVERSION = YES;
				CLANG_WARN_INFINITE_RECURSION = YES;
				CLANG_WARN_INT_CONVERSION = YES;
				CLANG_WARN_NON_LITERAL_NULL_CONVERSION = YES;
				CLANG_WARN_OBJC_IMPLICIT_RETAIN_SELF = YES;
				CLANG_WARN_OBJC_LITERAL_CONVERSION = YES;
				CLANG_WARN_OBJC_ROOT_CLASS = YES_ERROR;
				CLANG_WARN_QUOTED_INCLUDE_IN_FRAMEWORK_HEADER = YES;
				CLANG_WARN_RANGE_LOOP_ANALYSIS = YES;
				CLANG_WARN_STRICT_PROTOTYPES = YES;
				CLANG_WARN_SUSPICIOUS_MOVE = YES;
				CLANG_WARN_UNGUARDED_AVAILABILITY = YES_AGGRESSIVE;
				CLANG_WARN_UNREACHABLE_CODE = YES;
				CLANG_WARN__DUPLICATE_METHOD_MATCH = YES;
				COPY_PHASE_STRIP = NO;
				DEBUG_INFORMATION_FORMAT = dwarf;
				ENABLE_STRICT_OBJC_MSGSEND = YES;
				ENABLE_TESTABILITY = YES;
				GCC_C_LANGUAGE_STANDARD = gnu11;
				GCC_DYNAMIC_NO_PIC = NO;
				GCC_NO_COMMON_BLOCKS = YES;
				GCC_OPTIMIZATION_LEVEL = 0;
				GCC_PREPROCESSOR_DEFINITIONS = (
					"DEBUG=1",
					"$(inherited)",
				);
				GCC_WARN_64_TO_32_BIT_CONVERSION = YES;
				GCC_WARN_ABOUT_RETURN_TYPE = YES_ERROR;
				GCC_WARN_UNDECLARED_SELECTOR = YES;
				GCC_WARN_UNINITIALIZED_AUTOS = YES_AGGRESSIVE;
				GCC_WARN_UNUSED_FUNCTION = YES;
				GCC_WARN_UNUSED_VARIABLE = YES;
				IPHONEOS_DEPLOYMENT_TARGET = 14.5;
				MTL_ENABLE_DEBUG_INFO = INCLUDE_SOURCE;
				MTL_FAST_MATH = YES;
				ONLY_ACTIVE_ARCH = YES;
				SDKROOT = iphoneos;
				SWIFT_ACTIVE_COMPILATION_CONDITIONS = DEBUG;
				SWIFT_OPTIMIZATION_LEVEL = "-Onone";
			};
			name = Debug;
		};
		A651A3B826873C3D00E25FC5 /* Release */ = {
			isa = XCBuildConfiguration;
			buildSettings = {
				ALWAYS_SEARCH_USER_PATHS = NO;
				CLANG_ANALYZER_NONNULL = YES;
				CLANG_ANALYZER_NUMBER_OBJECT_CONVERSION = YES_AGGRESSIVE;
				CLANG_CXX_LANGUAGE_STANDARD = "gnu++14";
				CLANG_CXX_LIBRARY = "libc++";
				CLANG_ENABLE_MODULES = YES;
				CLANG_ENABLE_OBJC_ARC = YES;
				CLANG_ENABLE_OBJC_WEAK = YES;
				CLANG_WARN_BLOCK_CAPTURE_AUTORELEASING = YES;
				CLANG_WARN_BOOL_CONVERSION = YES;
				CLANG_WARN_COMMA = YES;
				CLANG_WARN_CONSTANT_CONVERSION = YES;
				CLANG_WARN_DEPRECATED_OBJC_IMPLEMENTATIONS = YES;
				CLANG_WARN_DIRECT_OBJC_ISA_USAGE = YES_ERROR;
				CLANG_WARN_DOCUMENTATION_COMMENTS = YES;
				CLANG_WARN_EMPTY_BODY = YES;
				CLANG_WARN_ENUM_CONVERSION = YES;
				CLANG_WARN_INFINITE_RECURSION = YES;
				CLANG_WARN_INT_CONVERSION = YES;
				CLANG_WARN_NON_LITERAL_NULL_CONVERSION = YES;
				CLANG_WARN_OBJC_IMPLICIT_RETAIN_SELF = YES;
				CLANG_WARN_OBJC_LITERAL_CONVERSION = YES;
				CLANG_WARN_OBJC_ROOT_CLASS = YES_ERROR;
				CLANG_WARN_QUOTED_INCLUDE_IN_FRAMEWORK_HEADER = YES;
				CLANG_WARN_RANGE_LOOP_ANALYSIS = YES;
				CLANG_WARN_STRICT_PROTOTYPES = YES;
				CLANG_WARN_SUSPICIOUS_MOVE = YES;
				CLANG_WARN_UNGUARDED_AVAILABILITY = YES_AGGRESSIVE;
				CLANG_WARN_UNREACHABLE_CODE = YES;
				CLANG_WARN__DUPLICATE_METHOD_MATCH = YES;
				COPY_PHASE_STRIP = NO;
				DEBUG_INFORMATION_FORMAT = "dwarf-with-dsym";
				ENABLE_NS_ASSERTIONS = NO;
				ENABLE_STRICT_OBJC_MSGSEND = YES;
				GCC_C_LANGUAGE_STANDARD = gnu11;
				GCC_NO_COMMON_BLOCKS = YES;
				GCC_WARN_64_TO_32_BIT_CONVERSION = YES;
				GCC_WARN_ABOUT_RETURN_TYPE = YES_ERROR;
				GCC_WARN_UNDECLARED_SELECTOR = YES;
				GCC_WARN_UNINITIALIZED_AUTOS = YES_AGGRESSIVE;
				GCC_WARN_UNUSED_FUNCTION = YES;
				GCC_WARN_UNUSED_VARIABLE = YES;
				IPHONEOS_DEPLOYMENT_TARGET = 14.5;
				MTL_ENABLE_DEBUG_INFO = NO;
				MTL_FAST_MATH = YES;
				SDKROOT = iphoneos;
				SWIFT_COMPILATION_MODE = wholemodule;
				SWIFT_OPTIMIZATION_LEVEL = "-O";
				VALIDATE_PRODUCT = YES;
			};
			name = Release;
		};
		A651A3BA26873C3D00E25FC5 /* Debug */ = {
			isa = XCBuildConfiguration;
			buildSettings = {
				ASSETCATALOG_COMPILER_APPICON_NAME = AppIcon;
				ASSETCATALOG_COMPILER_GLOBAL_ACCENT_COLOR_NAME = AccentColor;
				CODE_SIGN_STYLE = Automatic;
				INFOPLIST_FILE = "Recipt App/Info.plist";
				LD_RUNPATH_SEARCH_PATHS = (
					"$(inherited)",
					"@executable_path/Frameworks",
				);
				PRODUCT_BUNDLE_IDENTIFIER = "aamirsohel.Recipt-App";
				PRODUCT_NAME = "$(TARGET_NAME)";
				SWIFT_VERSION = 5.0;
				TARGETED_DEVICE_FAMILY = "1,2";
			};
			name = Debug;
		};
		A651A3BB26873C3D00E25FC5 /* Release */ = {
			isa = XCBuildConfiguration;
			buildSettings = {
				ASSETCATALOG_COMPILER_APPICON_NAME = AppIcon;
				ASSETCATALOG_COMPILER_GLOBAL_ACCENT_COLOR_NAME = AccentColor;
				CODE_SIGN_STYLE = Automatic;
				INFOPLIST_FILE = "Recipt App/Info.plist";
				LD_RUNPATH_SEARCH_PATHS = (
					"$(inherited)",
					"@executable_path/Frameworks",
				);
				PRODUCT_BUNDLE_IDENTIFIER = "aamirsohel.Recipt-App";
				PRODUCT_NAME = "$(TARGET_NAME)";
				SWIFT_VERSION = 5.0;
				TARGETED_DEVICE_FAMILY = "1,2";
			};
			name = Release;
		};
/* End XCBuildConfiguration section */

/* Begin XCConfigurationList section */
		A651A3A026873C3B00E25FC5 /* Build configuration list for PBXProject "Recipt App" */ = {
			isa = XCConfigurationList;
			buildConfigurations = (
				A651A3B726873C3D00E25FC5 /* Debug */,
				A651A3B826873C3D00E25FC5 /* Release */,
			);
			defaultConfigurationIsVisible = 0;
			defaultConfigurationName = Release;
		};
		A651A3B926873C3D00E25FC5 /* Build configuration list for PBXNativeTarget "Recipt App" */ = {
			isa = XCConfigurationList;
			buildConfigurations = (
				A651A3BA26873C3D00E25FC5 /* Debug */,
				A651A3BB26873C3D00E25FC5 /* Release */,
			);
			defaultConfigurationIsVisible = 0;
			defaultConfigurationName = Release;
		};
/* End XCConfigurationList section */
	};
	rootObject = A651A39D26873C3B00E25FC5 /* Project object */;
}
